<?xml version="1.0" encoding="utf-8"?>
<Project ToolsVersion="4.0" xmlns="http://schemas.microsoft.com/developer/msbuild/2003">
  <ItemGroup>
    <ClCompile Include="idct.c" />
    <ClCompile Include="main.c" />
    <ClCompile Include="Dequant.c" />
    <ClCompile Include="InverseScan.c" />
    <ClCompile Include="nalu.c" />
    <ClCompile Include="PPS.c" />
    <ClCompile Include="Reconstruct.c" />
    <ClCompile Include="Slice.c" />
    <ClCompile Include="SPS.c" />
    <ClCompile Include="ZigZag.c" />
    <ClCompile Include="Derivation_process_for_neighbouring_locations.c">
      <Filter>6 Scan and Neighbour\6.4.12 Derivation process</Filter>
    </ClCompile>
    <ClCompile Include="Derivation_process_for_neighbouring_4x4_luma_blocks.c">
      <Filter>6 Scan and Neighbour\6.4.11 Derivation process\6.4.11.4</Filter>
    </ClCompile>
    <ClCompile Include="Inverse_4x4_luma_block_scanning_process.c">
      <Filter>6 Scan and Neighbour\6.4.3 Inverse Scan</Filter>
    </ClCompile>
    <ClCompile Include="Derivation_process_for_4x4_luma_block_indices.c">
      <Filter>6 Scan and Neighbour\6.4.13: Derivation processes for block and partition indices\6.4.13.1</Filter>
    </ClCompile>
    <ClCompile Include="Intra_4x4_sample_prediction.c">
      <Filter>8 Decoding Process\8.3 Intra prediction process\8.3.1 Intra_4x4 prediction process for luma samples\8.3.1.2</Filter>
    </ClCompile>
    <ClCompile Include="Derivation_process_for_Intra4x4PredMode.c">
      <Filter>8 Decoding Process\8.3 Intra prediction process\8.3.1 Intra_4x4 prediction process for luma samples\8.3.1.1</Filter>
    </ClCompile>
    <ClCompile Include="Inverse_scanning_process_for_4x4_transform.c">
      <Filter>8 Decoding Process\8.5 Transform and Construct\8.5.6 Inverse scanning process for 4x4</Filter>
    </ClCompile>
    <ClCompile Include="Scaling_process_for_residual_4x4_blocks.c">
      <Filter>8 Decoding Process\8.5 Transform and Construct\8.5.12: Scaling and transformation process for residual 4x4 blocks\8.5.12.1: Scaling process</Filter>
    </ClCompile>
    <ClCompile Include="Transformation_process_for_residual_4x4_blocks.c">
      <Filter>8 Decoding Process\8.5 Transform and Construct\8.5.12: Scaling and transformation process for residual 4x4 blocks\8.5.12.2: Transformation process</Filter>
    </ClCompile>
    <ClCompile Include="Intra_prediction_process_for_chroma_samples.c">
      <Filter>8 Decoding Process\8.3 Intra prediction process\8.3.4 Intra prediction process for chroma samples</Filter>
    </ClCompile>
    <ClCompile Include="transform_decoding_process_for_4x4_luma_residual_blocks.c">
      <Filter>8 Decoding Process\8.5 Transform and Construct\8.5.1 transform decoding process for 4x4 luma residual blocks</Filter>
    </ClCompile>
    <ClCompile Include="Intra_4x4_prediction_process_for_luma_samples.c">
      <Filter>8 Decoding Process\8.3 Intra prediction process\8.3.1 Intra_4x4 prediction process for luma samples</Filter>
    </ClCompile>
    <ClCompile Include="Derivation_process_for_scaling_functions.c">
      <Filter>8 Decoding Process\8.5 Transform and Construct\8.5.9: Derivation process for scaling functions</Filter>
    </ClCompile>
    <ClCompile Include="Mathematical.c">
      <Filter>5 Convention\5.7</Filter>
    </ClCompile>
    <ClCompile Include="Initialisation_process_for_context_variables.c">
      <Filter>9 Parsing Process\9.3 CABAC parsing process for slice data\9.3.1 Initialisation process</Filter>
    </ClCompile>
    <ClCompile Include="Initialisation_process_for_the_arithmetic_decoding_engine.c">
      <Filter>9 Parsing Process\9.3 CABAC parsing process for slice data\9.3.1 Initialisation process</Filter>
    </ClCompile>
    <ClCompile Include="binarization.c">
      <Filter>9 Parsing Process\9.3 CABAC parsing process for slice data\9.3.2 Binarization process</Filter>
    </ClCompile>
    <ClCompile Include="cabac_process.c">
      <Filter>9 Parsing Process\9.3 CABAC parsing process for slice data\Figure 9-1 CABAC parsing process for a syntax element SE</Filter>
    </ClCompile>
    <ClCompile Include="Derivation_process_for_ctxIdx.c">
      <Filter>9 Parsing Process\9.3 CABAC parsing process for slice data\9.3.3 Decoding process flow\9.3.3.1 Derivation process for ctxIdx</Filter>
    </ClCompile>
    <ClCompile Include="Derivation_process_for_neighbouring_8x8_luma_blocks.c">
      <Filter>6 Scan and Neighbour\6.4.11 Derivation process\6.4.11.2</Filter>
    </ClCompile>
    <ClCompile Include="syntax_element.c">
      <Filter>7 Syntax and semantics\7.2</Filter>
    </ClCompile>
    <ClCompile Include="bitstream.c" />
    <ClCompile Include="Derivation_process_for_8x8_luma_block_indices.c">
      <Filter>6 Scan and Neighbour\6.4.12 Derivation process\6.4.12.3:  Derivation process for 8x8 luma block indices</Filter>
    </ClCompile>
    <ClCompile Include="residual.c">
      <Filter>7 Syntax and semantics\7.3\7.3.5: Macroblock layer syntax</Filter>
    </ClCompile>
    <ClCompile Include="mb_pred.c">
      <Filter>7 Syntax and semantics\7.3\7.3.5: Macroblock layer syntax</Filter>
    </ClCompile>
    <ClCompile Include="h264.c" />
    <ClCompile Include="Derivation_process_for_neighbouring_macroblock_addresses_and_their_availability.c">
      <Filter>6 Scan and Neighbour\6.4.9 Derivation process</Filter>
    </ClCompile>
    <ClCompile Include="transform_decoding_process_for_luma_samples_of_Intra_16x16_macroblock_prediction_mode.c">
      <Filter>8 Decoding Process\8.5 Transform and Construct\8.5.2 luma 16x16</Filter>
    </ClCompile>
    <ClCompile Include="Scaling_and_transformation_process_for_DC_transform_coefficients_for_Intra_16x16_macroblock_type.c">
      <Filter>8 Decoding Process\8.5 Transform and Construct\8.5.10 16x16 DC transform</Filter>
    </ClCompile>
    <ClCompile Include="Derivation_process_for_neighbouring_4x4_chroma_blocks.c">
      <Filter>6 Scan and Neighbour\6.4.11 Derivation process\6.4.11.5</Filter>
    </ClCompile>
    <ClCompile Include="Intra_16x16_prediction_process_for_luma_samples.c">
      <Filter>8 Decoding Process\8.3 Intra prediction process\8.3.3 16x16</Filter>
    </ClCompile>
    <ClCompile Include="Derivation_process_for_neighbouring_partitions.c">
      <Filter>6 Scan and Neighbour\6.4.11 Derivation process\6.4.11.7 Derivation process for neighbouring partitions</Filter>
    </ClCompile>
    <ClCompile Include="Inverse_macroblock_partition_scanning_process.c">
      <Filter>6 Scan and Neighbour\6.4.2 Inverse Scan MB &amp; SubMb</Filter>
    </ClCompile>
    <ClCompile Include="Derivation_process_for_macroblock_and_sub_macroblock_partition_indices.c">
      <Filter>6 Scan and Neighbour\6.4.13: Derivation processes for block and partition indices\6.4.13.4</Filter>
    </ClCompile>
    <ClCompile Include="macroblock_types.c">
      <Filter>7 Syntax and semantics\7.4\7.4.5</Filter>
    </ClCompile>
    <ClCompile Include="Derivation_process_for_luma_motion_vector_prediction.c">
      <Filter>8 Decoding Process\8.4 Inter prediction process\8.4.1 Derivation for MV and RefIdx\8.4.1.3 for P &amp; B normal</Filter>
    </ClCompile>
    <ClCompile Include="log2file.c" />
    <ClCompile Include="Luma_sample_interpolation_process.c">
      <Filter>8 Decoding Process\8.4 Inter prediction process\8.4.2 Decoding for Inter Pred Sample\8.4.2.2 Fractional sample interpolation process\8.4.2.2.1 Luma sample interpolation process</Filter>
    </ClCompile>
    <ClCompile Include="MB.c" />
  </ItemGroup>
  <ItemGroup>
    <Filter Include="6 Scan and Neighbour">
      <UniqueIdentifier>{acbab99c-62fb-4940-9294-2ea837bcc45c}</UniqueIdentifier>
    </Filter>
    <Filter Include="6 Scan and Neighbour\6.4.13: Derivation processes for block and partition indices">
      <UniqueIdentifier>{5dd39016-dc6f-423f-96ea-24555bcde7be}</UniqueIdentifier>
    </Filter>
    <Filter Include="6 Scan and Neighbour\6.4.13: Derivation processes for block and partition indices\6.4.13.1">
      <UniqueIdentifier>{52f89099-9a9c-4a64-8b51-189f6b9c18b8}</UniqueIdentifier>
    </Filter>
    <Filter Include="5 Convention">
      <UniqueIdentifier>{f0188f81-985e-4bf8-9048-426095774ea9}</UniqueIdentifier>
    </Filter>
    <Filter Include="5 Convention\5.7">
      <UniqueIdentifier>{bb5247e5-5105-46ec-8347-fce4ca67ff62}</UniqueIdentifier>
    </Filter>
    <Filter Include="7 Syntax and semantics">
      <UniqueIdentifier>{918ad233-2ba5-4acf-bb69-2f63360c5678}</UniqueIdentifier>
    </Filter>
    <Filter Include="7 Syntax and semantics\7.2">
      <UniqueIdentifier>{5b9859a1-8c3e-43ec-8ece-40edd9e854c6}</UniqueIdentifier>
    </Filter>
    <Filter Include="7 Syntax and semantics\7.3">
      <UniqueIdentifier>{044a8065-2215-47cf-bd67-4abe588133aa}</UniqueIdentifier>
    </Filter>
    <Filter Include="7 Syntax and semantics\7.3\7.3.5: Macroblock layer syntax">
      <UniqueIdentifier>{599424db-b056-4f7b-ace9-411aefec5370}</UniqueIdentifier>
    </Filter>
    <Filter Include="8 Decoding Process">
      <UniqueIdentifier>{cb473775-3839-461a-b7be-5197bf5498c7}</UniqueIdentifier>
    </Filter>
    <Filter Include="8 Decoding Process\8.3 Intra prediction process">
      <UniqueIdentifier>{fba367a5-4b99-4141-a759-b5b0cd5d3c37}</UniqueIdentifier>
    </Filter>
    <Filter Include="8 Decoding Process\8.3 Intra prediction process\8.3.1 Intra_4x4 prediction process for luma samples">
      <UniqueIdentifier>{3072ffa3-a79f-4016-b17f-32a5a51d8440}</UniqueIdentifier>
    </Filter>
    <Filter Include="8 Decoding Process\8.3 Intra prediction process\8.3.1 Intra_4x4 prediction process for luma samples\8.3.1.1">
      <UniqueIdentifier>{6c9acbbf-b3c6-4012-8b6a-4f951ad7182a}</UniqueIdentifier>
    </Filter>
    <Filter Include="8 Decoding Process\8.3 Intra prediction process\8.3.1 Intra_4x4 prediction process for luma samples\8.3.1.2">
      <UniqueIdentifier>{c38db3fa-7a13-4e5f-9344-38d39f24519c}</UniqueIdentifier>
    </Filter>
    <Filter Include="8 Decoding Process\8.3 Intra prediction process\8.3.4 Intra prediction process for chroma samples">
      <UniqueIdentifier>{5e9fb790-1f46-4ee5-825b-6d84575f5db4}</UniqueIdentifier>
    </Filter>
    <Filter Include="9 Parsing Process">
      <UniqueIdentifier>{5a63d479-d041-4092-954b-9efd1bc6fe3d}</UniqueIdentifier>
    </Filter>
    <Filter Include="9 Parsing Process\9.3 CABAC parsing process for slice data">
      <UniqueIdentifier>{1355af0f-6fa3-45da-935e-cccb0f61b93c}</UniqueIdentifier>
    </Filter>
    <Filter Include="9 Parsing Process\9.3 CABAC parsing process for slice data\Figure 9-1 CABAC parsing process for a syntax element SE">
      <UniqueIdentifier>{2982ad46-eb9e-4bb6-b090-f1d61f9b8263}</UniqueIdentifier>
    </Filter>
    <Filter Include="9 Parsing Process\9.3 CABAC parsing process for slice data\9.3.1 Initialisation process">
      <UniqueIdentifier>{95c22a3e-9cae-4f1e-af4d-6e0b5cd5c938}</UniqueIdentifier>
    </Filter>
    <Filter Include="9 Parsing Process\9.3 CABAC parsing process for slice data\9.3.2 Binarization process">
      <UniqueIdentifier>{b2c80517-92d9-466c-b651-92237b5b15ac}</UniqueIdentifier>
    </Filter>
    <Filter Include="9 Parsing Process\9.3 CABAC parsing process for slice data\9.3.3 Decoding process flow">
      <UniqueIdentifier>{c2e6ec97-8cf6-4c24-9fd3-2d9c638603e5}</UniqueIdentifier>
    </Filter>
    <Filter Include="9 Parsing Process\9.3 CABAC parsing process for slice data\9.3.3 Decoding process flow\9.3.3.1 Derivation process for ctxIdx">
      <UniqueIdentifier>{be9d8ed7-08f4-4fe7-870f-0c53c932822b}</UniqueIdentifier>
    </Filter>
    <Filter Include="9 Parsing Process\9.3 CABAC parsing process for slice data\9.3.3 Decoding process flow\9.3.3.2 Arithmetic decoding process">
      <UniqueIdentifier>{a950ab30-61aa-4bb5-9571-f134956fdb36}</UniqueIdentifier>
    </Filter>
    <Filter Include="8 Decoding Process\8.3 Intra prediction process\8.3.3 16x16">
      <UniqueIdentifier>{0d3f288f-49c0-48cf-9e6b-ff57f5e7847c}</UniqueIdentifier>
    </Filter>
    <Filter Include="6 Scan and Neighbour\6.4.2 Inverse Scan MB &amp; SubMb">
      <UniqueIdentifier>{3e76738d-92aa-4ce4-a561-556b7ee66044}</UniqueIdentifier>
    </Filter>
    <Filter Include="6 Scan and Neighbour\6.4.3 Inverse Scan">
      <UniqueIdentifier>{c5cd0a51-1907-43f3-869f-83e29619b095}</UniqueIdentifier>
    </Filter>
    <Filter Include="6 Scan and Neighbour\6.4.9 Derivation process">
      <UniqueIdentifier>{a3dbca7e-566d-4f19-b3e1-01ad02fee4f4}</UniqueIdentifier>
    </Filter>
    <Filter Include="6 Scan and Neighbour\6.4.11 Derivation process">
      <UniqueIdentifier>{a5349977-cbd3-45f0-95ae-e219cc9c79f7}</UniqueIdentifier>
    </Filter>
    <Filter Include="6 Scan and Neighbour\6.4.11 Derivation process\6.4.11.4">
      <UniqueIdentifier>{34053be6-a457-44d4-9bf5-48988644ed32}</UniqueIdentifier>
    </Filter>
    <Filter Include="6 Scan and Neighbour\6.4.11 Derivation process\6.4.11.2">
      <UniqueIdentifier>{fa4383d8-4b72-46fd-b5c5-dc2e2ef4ffb2}</UniqueIdentifier>
    </Filter>
    <Filter Include="6 Scan and Neighbour\6.4.11 Derivation process\6.4.11.5">
      <UniqueIdentifier>{788a5f12-83f4-4181-bc85-21f5dad4a094}</UniqueIdentifier>
    </Filter>
    <Filter Include="6 Scan and Neighbour\6.4.11 Derivation process\6.4.11.7 Derivation process for neighbouring partitions">
      <UniqueIdentifier>{6de4993a-c070-4fd2-8b7e-fb5678615de0}</UniqueIdentifier>
    </Filter>
    <Filter Include="6 Scan and Neighbour\6.4.12 Derivation process">
      <UniqueIdentifier>{0cbda0f3-e80b-4532-b064-eeeacb3b21e5}</UniqueIdentifier>
    </Filter>
    <Filter Include="6 Scan and Neighbour\6.4.12 Derivation process\6.4.12.1： MbaffFrameFlag = 0">
      <UniqueIdentifier>{cb6175fb-656f-46e3-add6-0fb213b28f7a}</UniqueIdentifier>
    </Filter>
    <Filter Include="6 Scan and Neighbour\6.4.12 Derivation process\6.4.12.2： MbaffFrameFlag = 1">
      <UniqueIdentifier>{5ed7dffd-73d0-4a56-a70b-3be8be08986b}</UniqueIdentifier>
    </Filter>
    <Filter Include="6 Scan and Neighbour\6.4.12 Derivation process\6.4.12.3:  Derivation process for 8x8 luma block indices">
      <UniqueIdentifier>{69e00f14-89a9-4fbd-af1f-8023b95ecf45}</UniqueIdentifier>
    </Filter>
    <Filter Include="6 Scan and Neighbour\6.4.13: Derivation processes for block and partition indices\6.4.13.4">
      <UniqueIdentifier>{fa7900dc-26c6-4f95-8945-6aa7f7244917}</UniqueIdentifier>
    </Filter>
    <Filter Include="7 Syntax and semantics\7.4">
      <UniqueIdentifier>{db84badd-8dda-472e-830c-42a01c9c54e4}</UniqueIdentifier>
    </Filter>
    <Filter Include="7 Syntax and semantics\7.4\7.4.5">
      <UniqueIdentifier>{4d6029a0-26b8-439d-bfcd-6fa4500ff14a}</UniqueIdentifier>
    </Filter>
    <Filter Include="8 Decoding Process\8.4 Inter prediction process">
      <UniqueIdentifier>{12fb58c7-2bf9-402f-b42e-702e56292839}</UniqueIdentifier>
    </Filter>
    <Filter Include="8 Decoding Process\8.5 Transform and Construct">
      <UniqueIdentifier>{ed5aa4b5-dbad-490d-8d2c-a73c70aadc9c}</UniqueIdentifier>
    </Filter>
    <Filter Include="8 Decoding Process\8.5 Transform and Construct\8.5.1 transform decoding process for 4x4 luma residual blocks">
      <UniqueIdentifier>{747bfafa-c715-4aa7-80ff-ee7eb68cefb7}</UniqueIdentifier>
    </Filter>
    <Filter Include="8 Decoding Process\8.5 Transform and Construct\8.5.4 transform decoding process for chroma samples">
      <UniqueIdentifier>{a552ff3e-d35a-46ea-9a3c-84b4ef414ef8}</UniqueIdentifier>
    </Filter>
    <Filter Include="8 Decoding Process\8.5 Transform and Construct\8.5.6 Inverse scanning process for 4x4">
      <UniqueIdentifier>{a8cc6fcd-8c84-40ae-8f6c-1999b59298b9}</UniqueIdentifier>
    </Filter>
    <Filter Include="8 Decoding Process\8.5 Transform and Construct\8.5.12: Scaling and transformation process for residual 4x4 blocks">
      <UniqueIdentifier>{a3555e8f-b0b5-4fff-bc38-fe83136a984c}</UniqueIdentifier>
    </Filter>
    <Filter Include="8 Decoding Process\8.5 Transform and Construct\8.5.12: Scaling and transformation process for residual 4x4 blocks\8.5.12.1: Scaling process">
      <UniqueIdentifier>{1d4ca29d-6eb8-48d3-afae-fce0774b1c26}</UniqueIdentifier>
    </Filter>
    <Filter Include="8 Decoding Process\8.5 Transform and Construct\8.5.12: Scaling and transformation process for residual 4x4 blocks\8.5.12.2: Transformation process">
      <UniqueIdentifier>{21f7d4a6-a73f-40d4-9639-1bfc81e8540c}</UniqueIdentifier>
    </Filter>
    <Filter Include="8 Decoding Process\8.5 Transform and Construct\8.5.9: Derivation process for scaling functions">
      <UniqueIdentifier>{efedb21f-d6b1-4db5-ade6-da4ad470dab2}</UniqueIdentifier>
    </Filter>
    <Filter Include="8 Decoding Process\8.5 Transform and Construct\8.5.2 luma 16x16">
      <UniqueIdentifier>{9847994f-804c-48b6-b900-53bbab5cdebd}</UniqueIdentifier>
    </Filter>
    <Filter Include="8 Decoding Process\8.5 Transform and Construct\8.5.10 16x16 DC transform">
      <UniqueIdentifier>{dab7ca52-938a-452b-8a26-5f2431ac9dad}</UniqueIdentifier>
    </Filter>
    <Filter Include="8 Decoding Process\8.4 Inter prediction process\8.4.1 Derivation for MV and RefIdx">
      <UniqueIdentifier>{f325aa62-875d-4b15-9598-cd08d21f82b2}</UniqueIdentifier>
    </Filter>
    <Filter Include="8 Decoding Process\8.4 Inter prediction process\8.4.3 Derivation for weight">
      <UniqueIdentifier>{f0f85171-350c-4d25-87a7-0036a8b356bf}</UniqueIdentifier>
    </Filter>
    <Filter Include="8 Decoding Process\8.4 Inter prediction process\8.4.1 Derivation for MV and RefIdx\8.4.1.1 for P Skip">
      <UniqueIdentifier>{693ca87a-d097-44b8-a6b3-d0195b36b310}</UniqueIdentifier>
    </Filter>
    <Filter Include="8 Decoding Process\8.4 Inter prediction process\8.4.1 Derivation for MV and RefIdx\8.4.1.2 for B Skip &amp; Direct">
      <UniqueIdentifier>{c6fe35e4-4680-47c2-9d44-cc856024ebc1}</UniqueIdentifier>
    </Filter>
    <Filter Include="8 Decoding Process\8.4 Inter prediction process\8.4.1 Derivation for MV and RefIdx\8.4.1.3 for P &amp; B normal">
      <UniqueIdentifier>{0be592ba-e4f9-482c-873d-09fd0ccbcabf}</UniqueIdentifier>
    </Filter>
    <Filter Include="8 Decoding Process\8.4 Inter prediction process\8.4.1 Derivation for MV and RefIdx\8.4.1.4 for Chroma">
      <UniqueIdentifier>{45bf2e3c-97fd-4f7e-97d6-3ec102f58c19}</UniqueIdentifier>
    </Filter>
    <Filter Include="8 Decoding Process\8.4 Inter prediction process\8.4.2 Decoding for Inter Pred Sample">
      <UniqueIdentifier>{3e5453c5-4eb6-428d-8bc0-fadd74c106d5}</UniqueIdentifier>
    </Filter>
    <Filter Include="8 Decoding Process\8.4 Inter prediction process\8.4.2 Decoding for Inter Pred Sample\8.4.2.2 Fractional sample interpolation process">
      <UniqueIdentifier>{f40de14b-bb99-49f4-a3be-4c94a2ce5a33}</UniqueIdentifier>
    </Filter>
    <Filter Include="8 Decoding Process\8.4 Inter prediction process\8.4.2 Decoding for Inter Pred Sample\8.4.2.2 Fractional sample interpolation process\8.4.2.2.1 Luma sample interpolation process">
      <UniqueIdentifier>{9c174d60-979d-4091-8946-2ad92cff492f}</UniqueIdentifier>
    </Filter>
  </ItemGroup>
  <ItemGroup>
    <ClInclude Include="h264.h" />
    <ClInclude Include="Mathematical.h">
      <Filter>5 Convention\5.7</Filter>
    </ClInclude>
  </ItemGroup>
</Project>